
Microsoft Visual Studio Solution File, Format Version 12.00
# Visual Studio Version 17
VisualStudioVersion = 17.0.31717.71
MinimumVisualStudioVersion = 10.0.40219.1
Project("{9A19103F-16F7-4668-BE54-9A1E7A4F7556}") = "multtable.Console", "multtable.Console.csproj", "{96F36219-5194-4F51-8D54-73A56EA9FD0D}"
EndProject
Project("{9A19103F-16F7-4668-BE54-9A1E7A4F7556}") = "multtable", "..\boilerplate\multtable.csproj", "{A9C352F4-8B6D-4FD7-A0FD-A49231721767}"
EndProject
Global
	GlobalSection(SolutionConfigurationPlatforms) = preSolution
		Debug|Any CPU = Debug|Any CPU
		Release|Any CPU = Release|Any CPU
	EndGlobalSection
	GlobalSection(ProjectConfigurationPlatforms) = postSolution
		{96F36219-5194-4F51-8D54-73A56EA9FD0D}.Debug|Any CPU.ActiveCfg = Debug|Any CPU
		{96F36219-5194-4F51-8D54-73A56EA9FD0D}.Debug|Any CPU.Build.0 = Debug|Any CPU
		{96F36219-5194-4F51-8D54-73A56EA9FD0D}.Release|Any CPU.ActiveCfg = Release|Any CPU
		{96F36219-5194-4F51-8D54-73A56EA9FD0D}.Release|Any CPU.Build.0 = Release|Any CPU
		{A9C352F4-8B6D-4FD7-A0FD-A49231721767}.Debug|Any CPU.ActiveCfg = Debug|Any CPU
		{A9C352F4-8B6D-4FD7-A0FD-A49231721767}.Debug|Any CPU.Build.0 = Debug|Any CPU
		{A9C352F4-8B6D-4FD7-A0FD-A49231721767}.Release|Any CPU.ActiveCfg = Release|Any CPU
		{A9C352F4-8B6D-4FD7-A0FD-A49231721767}.Release|Any CPU.Build.0 = Release|Any CPU
	EndGlobalSection
	GlobalSection(SolutionProperties) = preSolution
		HideSolutionNode = FALSE
	EndGlobalSection
	GlobalSection(ExtensibilityGlobals) = postSolution
		SolutionGuid = {74A6E947-33E5-456B-A558-F4C183BE5CCA}
	EndGlobalSection
EndGlobal
